
Microsoft Visual Studio Solution File, Format Version 12.00
# Visual Studio Version 17
VisualStudioVersion = 17.0.31903.59
MinimumVisualStudioVersion = 10.0.40219.1
Project("{FAE04EC0-301F-11D3-BF4B-00C04F79EFBC}") = "HRPayroll.Domain", "HRPayroll.Domain\HRPayroll.Domain.csproj", "{946B943A-B6C4-4269-A846-9D64F157005D}"
EndProject
Project("{FAE04EC0-301F-11D3-BF4B-00C04F79EFBC}") = "HRPayroll.Application", "HRPayroll.Application\HRPayroll.Application.csproj", "{1CAAA655-790B-4335-9641-0EF1CD57EE16}"
EndProject
Project("{FAE04EC0-301F-11D3-BF4B-00C04F79EFBC}") = "HRPayroll.Infrastructure", "HRPayroll.Infrastructure\HRPayroll.Infrastructure.csproj", "{26D5F88D-E930-4B12-B7EE-52F9BCC12DFC}"
EndProject
Project("{FAE04EC0-301F-11D3-BF4B-00C04F79EFBC}") = "HRPayroll.API", "HRPayroll.API\HRPayroll.API.csproj", "{A9F4675B-2EE1-492C-B8FA-BD2A5D67C131}"
EndProject
Global
	GlobalSection(SolutionConfigurationPlatforms) = preSolution
		Debug|Any CPU = Debug|Any CPU
		Debug|x64 = Debug|x64
		Debug|x86 = Debug|x86
		Release|Any CPU = Release|Any CPU
		Release|x64 = Release|x64
		Release|x86 = Release|x86
	EndGlobalSection
	GlobalSection(ProjectConfigurationPlatforms) = postSolution
		{946B943A-B6C4-4269-A846-9D64F157005D}.Debug|Any CPU.ActiveCfg = Debug|Any CPU
		{946B943A-B6C4-4269-A846-9D64F157005D}.Debug|Any CPU.Build.0 = Debug|Any CPU
		{946B943A-B6C4-4269-A846-9D64F157005D}.Debug|x64.ActiveCfg = Debug|Any CPU
		{946B943A-B6C4-4269-A846-9D64F157005D}.Debug|x64.Build.0 = Debug|Any CPU
		{946B943A-B6C4-4269-A846-9D64F157005D}.Debug|x86.ActiveCfg = Debug|Any CPU
		{946B943A-B6C4-4269-A846-9D64F157005D}.Debug|x86.Build.0 = Debug|Any CPU
		{946B943A-B6C4-4269-A846-9D64F157005D}.Release|Any CPU.ActiveCfg = Release|Any CPU
		{946B943A-B6C4-4269-A846-9D64F157005D}.Release|Any CPU.Build.0 = Release|Any CPU
		{946B943A-B6C4-4269-A846-9D64F157005D}.Release|x64.ActiveCfg = Release|Any CPU
		{946B943A-B6C4-4269-A846-9D64F157005D}.Release|x64.Build.0 = Release|Any CPU
		{946B943A-B6C4-4269-A846-9D64F157005D}.Release|x86.ActiveCfg = Release|Any CPU
		{946B943A-B6C4-4269-A846-9D64F157005D}.Release|x86.Build.0 = Release|Any CPU
		{1CAAA655-790B-4335-9641-0EF1CD57EE16}.Debug|Any CPU.ActiveCfg = Debug|Any CPU
		{1CAAA655-790B-4335-9641-0EF1CD57EE16}.Debug|Any CPU.Build.0 = Debug|Any CPU
		{1CAAA655-790B-4335-9641-0EF1CD57EE16}.Debug|x64.ActiveCfg = Debug|Any CPU
		{1CAAA655-790B-4335-9641-0EF1CD57EE16}.Debug|x64.Build.0 = Debug|Any CPU
		{1CAAA655-790B-4335-9641-0EF1CD57EE16}.Debug|x86.ActiveCfg = Debug|Any CPU
		{1CAAA655-790B-4335-9641-0EF1CD57EE16}.Debug|x86.Build.0 = Debug|Any CPU
		{1CAAA655-790B-4335-9641-0EF1CD57EE16}.Release|Any CPU.ActiveCfg = Release|Any CPU
		{1CAAA655-790B-4335-9641-0EF1CD57EE16}.Release|Any CPU.Build.0 = Release|Any CPU
		{1CAAA655-790B-4335-9641-0EF1CD57EE16}.Release|x64.ActiveCfg = Release|Any CPU
		{1CAAA655-790B-4335-9641-0EF1CD57EE16}.Release|x64.Build.0 = Release|Any CPU
		{1CAAA655-790B-4335-9641-0EF1CD57EE16}.Release|x86.ActiveCfg = Release|Any CPU
		{1CAAA655-790B-4335-9641-0EF1CD57EE16}.Release|x86.Build.0 = Release|Any CPU
		{26D5F88D-E930-4B12-B7EE-52F9BCC12DFC}.Debug|Any CPU.ActiveCfg = Debug|Any CPU
		{26D5F88D-E930-4B12-B7EE-52F9BCC12DFC}.Debug|Any CPU.Build.0 = Debug|Any CPU
		{26D5F88D-E930-4B12-B7EE-52F9BCC12DFC}.Debug|x64.ActiveCfg = Debug|Any CPU
		{26D5F88D-E930-4B12-B7EE-52F9BCC12DFC}.Debug|x64.Build.0 = Debug|Any CPU
		{26D5F88D-E930-4B12-B7EE-52F9BCC12DFC}.Debug|x86.ActiveCfg = Debug|Any CPU
		{26D5F88D-E930-4B12-B7EE-52F9BCC12DFC}.Debug|x86.Build.0 = Debug|Any CPU
		{26D5F88D-E930-4B12-B7EE-52F9BCC12DFC}.Release|Any CPU.ActiveCfg = Release|Any CPU
		{26D5F88D-E930-4B12-B7EE-52F9BCC12DFC}.Release|Any CPU.Build.0 = Release|Any CPU
		{26D5F88D-E930-4B12-B7EE-52F9BCC12DFC}.Release|x64.ActiveCfg = Release|Any CPU
		{26D5F88D-E930-4B12-B7EE-52F9BCC12DFC}.Release|x64.Build.0 = Release|Any CPU
		{26D5F88D-E930-4B12-B7EE-52F9BCC12DFC}.Release|x86.ActiveCfg = Release|Any CPU
		{26D5F88D-E930-4B12-B7EE-52F9BCC12DFC}.Release|x86.Build.0 = Release|Any CPU
		{A9F4675B-2EE1-492C-B8FA-BD2A5D67C131}.Debug|Any CPU.ActiveCfg = Debug|Any CPU
		{A9F4675B-2EE1-492C-B8FA-BD2A5D67C131}.Debug|Any CPU.Build.0 = Debug|Any CPU
		{A9F4675B-2EE1-492C-B8FA-BD2A5D67C131}.Debug|x64.ActiveCfg = Debug|Any CPU
		{A9F4675B-2EE1-492C-B8FA-BD2A5D67C131}.Debug|x64.Build.0 = Debug|Any CPU
		{A9F4675B-2EE1-492C-B8FA-BD2A5D67C131}.Debug|x86.ActiveCfg = Debug|Any CPU
		{A9F4675B-2EE1-492C-B8FA-BD2A5D67C131}.Debug|x86.Build.0 = Debug|Any CPU
		{A9F4675B-2EE1-492C-B8FA-BD2A5D67C131}.Release|Any CPU.ActiveCfg = Release|Any CPU
		{A9F4675B-2EE1-492C-B8FA-BD2A5D67C131}.Release|Any CPU.Build.0 = Release|Any CPU
		{A9F4675B-2EE1-492C-B8FA-BD2A5D67C131}.Release|x64.ActiveCfg = Release|Any CPU
		{A9F4675B-2EE1-492C-B8FA-BD2A5D67C131}.Release|x64.Build.0 = Release|Any CPU
		{A9F4675B-2EE1-492C-B8FA-BD2A5D67C131}.Release|x86.ActiveCfg = Release|Any CPU
		{A9F4675B-2EE1-492C-B8FA-BD2A5D67C131}.Release|x86.Build.0 = Release|Any CPU
	EndGlobalSection
	GlobalSection(SolutionProperties) = preSolution
		HideSolutionNode = FALSE
	EndGlobalSection
EndGlobal
